<?xml version="1.0" encoding="utf-8"?>
<Project ToolsVersion="4.0" xmlns="http://schemas.microsoft.com/developer/msbuild/2003">
  <ItemGroup>
    <Filter Include="Source Files">
      <UniqueIdentifier>{4FC737F1-C7A5-4376-A066-2A32D752A2FF}</UniqueIdentifier>
      <Extensions>cpp;c;cc;cxx;def;odl;idl;hpj;bat;asm;asmx</Extensions>
    </Filter>
    <Filter Include="Source Files\Graphics Engine">
      <UniqueIdentifier>{70713187-326a-4965-8a76-144dbc5208dd}</UniqueIdentifier>
    </Filter>
    <Filter Include="Source Files\Game Engine">
      <UniqueIdentifier>{42fc6c30-afb7-410c-84f3-7ac48685b1d2}</UniqueIdentifier>
    </Filter>
    <Filter Include="Source Files\Menu">
      <UniqueIdentifier>{3e458d49-3440-494c-90e8-70be00163216}</UniqueIdentifier>
    </Filter>
    <Filter Include="Header Files">
      <UniqueIdentifier>{93995380-89BD-4b04-88EB-625FBE52EBFB}</UniqueIdentifier>
      <Extensions>h;hpp;hxx;hm;inl;inc;xsd</Extensions>
    </Filter>
    <Filter Include="Resource Files">
      <UniqueIdentifier>{67DA6AB6-F800-4c08-8B7A-83BB121AAD01}</UniqueIdentifier>
      <Extensions>rc;ico;cur;bmp;dlg;rc2;rct;bin;rgs;gif;jpg;jpeg;jpe;resx;tiff;tif;png;wav</Extensions>
    </Filter>
  </ItemGroup>
  <ItemGroup>
    <ClCompile Include="..\Source\main.cpp">
      <Filter>Source Files</Filter>
    </ClCompile>
    <ClCompile Include="..\Source\util_vector2d.cpp">
      <Filter>Source Files</Filter>
    </ClCompile>
    <ClCompile Include="..\Source\Engine_Core.cpp">
      <Filter>Source Files\Graphics Engine</Filter>
    </ClCompile>
    <ClCompile Include="..\Source\Game_Core.cpp">
      <Filter>Source Files\Game Engine</Filter>
    </ClCompile>
    <ClCompile Include="..\Source\Sound.cpp">
      <Filter>Source Files\Game Engine</Filter>
    </ClCompile>
    <ClCompile Include="..\Source\Menu_Core.cpp">
      <Filter>Source Files\Menu</Filter>
    </ClCompile>
  </ItemGroup>
  <ItemGroup>
    <ClInclude Include="..\Source\util_bytegrid.h">
      <Filter>Source Files</Filter>
    </ClInclude>
    <ClInclude Include="..\Source\util_vector2d.h">
      <Filter>Source Files</Filter>
    </ClInclude>
    <ClInclude Include="..\Source\Bitmap.h">
      <Filter>Source Files\Graphics Engine</Filter>
    </ClInclude>
    <ClInclude Include="..\Source\Engine_Core.h">
      <Filter>Source Files\Graphics Engine</Filter>
    </ClInclude>
    <ClInclude Include="..\Source\Entity.h">
      <Filter>Source Files\Graphics Engine</Filter>
    </ClInclude>
    <ClInclude Include="..\Source\Sprite.h">
      <Filter>Source Files\Graphics Engine</Filter>
    </ClInclude>
    <ClInclude Include="..\Source\Enemy.h">
      <Filter>Source Files\Game Engine</Filter>
    </ClInclude>
    <ClInclude Include="..\Source\Game_Core.h">
      <Filter>Source Files\Game Engine</Filter>
    </ClInclude>
    <ClInclude Include="..\Source\Sound.h">
      <Filter>Source Files\Game Engine</Filter>
    </ClInclude>
    <ClInclude Include="..\Source\Menu_Core.h">
      <Filter>Source Files\Menu</Filter>
    </ClInclude>
    <ClInclude Include="..\Source\main.h">
      <Filter>Header Files</Filter>
    </ClInclude>
    <ClInclude Include="..\Source\SDL.h">
      <Filter>Header Files</Filter>
    </ClInclude>
  </ItemGroup>
  <ItemGroup>
    <Library Include="..\..\..\SDL-1.2.11\lib\SDL.lib">
      <Filter>Resource Files</Filter>
    </Library>
    <Library Include="..\..\..\SDL-1.2.11\lib\SDLmain.lib">
      <Filter>Resource Files</Filter>
    </Library>
  </ItemGroup>
</Project>